
Microsoft Visual Studio Solution File, Format Version 12.00
# Visual Studio Version 17
VisualStudioVersion = 17.2.32616.157
MinimumVisualStudioVersion = 10.0.40219.1
Project("{9A19103F-16F7-4668-BE54-9A1E7A4F7556}") = "API", "API\API.csproj", "{7F0F0D0E-7F97-4BBF-8549-7AE8192803FE}"
EndProject
Project("{9A19103F-16F7-4668-BE54-9A1E7A4F7556}") = "DataAccess", "DataAccess\DataAccess.csproj", "{5591A0B0-A536-44DA-BA7C-BEF42D5BEAD9}"
EndProject
Project("{9A19103F-16F7-4668-BE54-9A1E7A4F7556}") = "Server", "Server\Server.csproj", "{405D0A70-18FB-4462-8AD6-249BAB6CF285}"
EndProject
Project("{9A19103F-16F7-4668-BE54-9A1E7A4F7556}") = "Client", "Client\Client.csproj", "{C67832E9-A05B-43E7-9798-8FBB81B14D84}"
EndProject
Global
	GlobalSection(SolutionConfigurationPlatforms) = preSolution
		Debug|Any CPU = Debug|Any CPU
		Release|Any CPU = Release|Any CPU
	EndGlobalSection
	GlobalSection(ProjectConfigurationPlatforms) = postSolution
		{7F0F0D0E-7F97-4BBF-8549-7AE8192803FE}.Debug|Any CPU.ActiveCfg = Debug|Any CPU
		{7F0F0D0E-7F97-4BBF-8549-7AE8192803FE}.Debug|Any CPU.Build.0 = Debug|Any CPU
		{7F0F0D0E-7F97-4BBF-8549-7AE8192803FE}.Release|Any CPU.ActiveCfg = Release|Any CPU
		{7F0F0D0E-7F97-4BBF-8549-7AE8192803FE}.Release|Any CPU.Build.0 = Release|Any CPU
		{5591A0B0-A536-44DA-BA7C-BEF42D5BEAD9}.Debug|Any CPU.ActiveCfg = Debug|Any CPU
		{5591A0B0-A536-44DA-BA7C-BEF42D5BEAD9}.Debug|Any CPU.Build.0 = Debug|Any CPU
		{5591A0B0-A536-44DA-BA7C-BEF42D5BEAD9}.Release|Any CPU.ActiveCfg = Release|Any CPU
		{5591A0B0-A536-44DA-BA7C-BEF42D5BEAD9}.Release|Any CPU.Build.0 = Release|Any CPU
		{405D0A70-18FB-4462-8AD6-249BAB6CF285}.Debug|Any CPU.ActiveCfg = Debug|Any CPU
		{405D0A70-18FB-4462-8AD6-249BAB6CF285}.Debug|Any CPU.Build.0 = Debug|Any CPU
		{405D0A70-18FB-4462-8AD6-249BAB6CF285}.Release|Any CPU.ActiveCfg = Release|Any CPU
		{405D0A70-18FB-4462-8AD6-249BAB6CF285}.Release|Any CPU.Build.0 = Release|Any CPU
		{C67832E9-A05B-43E7-9798-8FBB81B14D84}.Debug|Any CPU.ActiveCfg = Debug|Any CPU
		{C67832E9-A05B-43E7-9798-8FBB81B14D84}.Debug|Any CPU.Build.0 = Debug|Any CPU
		{C67832E9-A05B-43E7-9798-8FBB81B14D84}.Release|Any CPU.ActiveCfg = Release|Any CPU
		{C67832E9-A05B-43E7-9798-8FBB81B14D84}.Release|Any CPU.Build.0 = Release|Any CPU
	EndGlobalSection
	GlobalSection(SolutionProperties) = preSolution
		HideSolutionNode = FALSE
	EndGlobalSection
	GlobalSection(ExtensibilityGlobals) = postSolution
		SolutionGuid = {9C602149-6211-42B9-AF6C-FECE5225A0FB}
	EndGlobalSection
EndGlobal
